
Microsoft Visual Studio Solution File, Format Version 12.00
# Visual Studio 15
VisualStudioVersion = 15.0.28307.421
MinimumVisualStudioVersion = 10.0.40219.1
Project("{FAE04EC0-301F-11D3-BF4B-00C04F79EFBC}") = "Project", "Project\Project.csproj", "{06E9164A-663D-4DDF-80E1-49544955F23A}"
EndProject
Global
	GlobalSection(SolutionConfigurationPlatforms) = preSolution
		Debug|Any CPU = Debug|Any CPU
		Release|Any CPU = Release|Any CPU
	EndGlobalSection
	GlobalSection(ProjectConfigurationPlatforms) = postSolution
		{06E9164A-663D-4DDF-80E1-49544955F23A}.Debug|Any CPU.ActiveCfg = Debug|Any CPU
		{06E9164A-663D-4DDF-80E1-49544955F23A}.Debug|Any CPU.Build.0 = Debug|Any CPU
		{06E9164A-663D-4DDF-80E1-49544955F23A}.Release|Any CPU.ActiveCfg = Release|Any CPU
		{06E9164A-663D-4DDF-80E1-49544955F23A}.Release|Any CPU.Build.0 = Release|Any CPU
	EndGlobalSection
	GlobalSection(SolutionProperties) = preSolution
		HideSolutionNode = FALSE
	EndGlobalSection
	GlobalSection(ExtensibilityGlobals) = postSolution
		SolutionGuid = {4DE4ECE1-89C3-473E-BD4F-B744A8C561DC}
	EndGlobalSection
EndGlobal
